
Microsoft Visual Studio Solution File, Format Version 12.00
# Visual Studio 15
VisualStudioVersion = 15.0.28307.329
MinimumVisualStudioVersion = 10.0.40219.1
Project("{FAE04EC0-301F-11D3-BF4B-00C04F79EFBC}") = "Minesweeper", "Minesweeper\Minesweeper.csproj", "{77B8886D-59BA-407C-BA2A-22AA4FC0EB60}"
EndProject
Global
	GlobalSection(SolutionConfigurationPlatforms) = preSolution
		Debug|Any CPU = Debug|Any CPU
		Release|Any CPU = Release|Any CPU
	EndGlobalSection
	GlobalSection(ProjectConfigurationPlatforms) = postSolution
		{77B8886D-59BA-407C-BA2A-22AA4FC0EB60}.Debug|Any CPU.ActiveCfg = Debug|Any CPU
		{77B8886D-59BA-407C-BA2A-22AA4FC0EB60}.Debug|Any CPU.Build.0 = Debug|Any CPU
		{77B8886D-59BA-407C-BA2A-22AA4FC0EB60}.Release|Any CPU.ActiveCfg = Release|Any CPU
		{77B8886D-59BA-407C-BA2A-22AA4FC0EB60}.Release|Any CPU.Build.0 = Release|Any CPU
	EndGlobalSection
	GlobalSection(SolutionProperties) = preSolution
		HideSolutionNode = FALSE
	EndGlobalSection
	GlobalSection(ExtensibilityGlobals) = postSolution
		SolutionGuid = {98D8EA7F-89E9-4642-AA93-E4F6D4DDC444}
	EndGlobalSection
EndGlobal
